
Microsoft Visual Studio Solution File, Format Version 12.00
# Visual Studio Version 16
VisualStudioVersion = 16.0.30907.101
MinimumVisualStudioVersion = 10.0.40219.1
Project("{FAE04EC0-301F-11D3-BF4B-00C04F79EFBC}") = "TestSln", "TestSln.csproj", "{01125FB8-6414-46B2-8219-EE10925BC595}"
EndProject
Global
	GlobalSection(SolutionConfigurationPlatforms) = preSolution
		Debug|Any CPU = Debug|Any CPU
		Release|Any CPU = Release|Any CPU
	EndGlobalSection
	GlobalSection(ProjectConfigurationPlatforms) = postSolution
		{01125FB8-6414-46B2-8219-EE10925BC595}.Debug|Any CPU.ActiveCfg = Debug|Any CPU
		{01125FB8-6414-46B2-8219-EE10925BC595}.Debug|Any CPU.Build.0 = Debug|Any CPU
		{01125FB8-6414-46B2-8219-EE10925BC595}.Release|Any CPU.ActiveCfg = Release|Any CPU
		{01125FB8-6414-46B2-8219-EE10925BC595}.Release|Any CPU.Build.0 = Release|Any CPU
	EndGlobalSection
	GlobalSection(SolutionProperties) = preSolution
		HideSolutionNode = FALSE
	EndGlobalSection
	GlobalSection(ExtensibilityGlobals) = postSolution
		SolutionGuid = {38A9797E-D121-49A6-9A13-E1D96577BB71}
	EndGlobalSection
EndGlobal
